
Microsoft Visual Studio Solution File, Format Version 12.00
# Visual Studio 2012
Project("{FAE04EC0-301F-11D3-BF4B-00C04F79EFBC}") = "Assessment2", "Assessment2\Assessment2.csproj", "{B38275DC-3F62-4911-8848-6CA7062A82A5}"
EndProject
Global
	GlobalSection(SolutionConfigurationPlatforms) = preSolution
		Debug|Any CPU = Debug|Any CPU
		Release|Any CPU = Release|Any CPU
	EndGlobalSection
	GlobalSection(ProjectConfigurationPlatforms) = postSolution
		{B38275DC-3F62-4911-8848-6CA7062A82A5}.Debug|Any CPU.ActiveCfg = Debug|Any CPU
		{B38275DC-3F62-4911-8848-6CA7062A82A5}.Debug|Any CPU.Build.0 = Debug|Any CPU
		{B38275DC-3F62-4911-8848-6CA7062A82A5}.Release|Any CPU.ActiveCfg = Release|Any CPU
		{B38275DC-3F62-4911-8848-6CA7062A82A5}.Release|Any CPU.Build.0 = Release|Any CPU
	EndGlobalSection
	GlobalSection(SolutionProperties) = preSolution
		HideSolutionNode = FALSE
	EndGlobalSection
EndGlobal
