
Microsoft Visual Studio Solution File, Format Version 12.00
# Visual Studio 2012
Project("{FAE04EC0-301F-11D3-BF4B-00C04F79EFBC}") = "MvcMusicStore_v1.0", "MvcMusicStore_v1.0\MvcMusicStore_v1.0.csproj", "{1005898E-375C-4EEB-84A9-3A5B869280D4}"
EndProject
Global
	GlobalSection(SolutionConfigurationPlatforms) = preSolution
		Debug|Any CPU = Debug|Any CPU
		Release|Any CPU = Release|Any CPU
	EndGlobalSection
	GlobalSection(ProjectConfigurationPlatforms) = postSolution
		{1005898E-375C-4EEB-84A9-3A5B869280D4}.Debug|Any CPU.ActiveCfg = Debug|Any CPU
		{1005898E-375C-4EEB-84A9-3A5B869280D4}.Debug|Any CPU.Build.0 = Debug|Any CPU
		{1005898E-375C-4EEB-84A9-3A5B869280D4}.Release|Any CPU.ActiveCfg = Release|Any CPU
		{1005898E-375C-4EEB-84A9-3A5B869280D4}.Release|Any CPU.Build.0 = Release|Any CPU
	EndGlobalSection
	GlobalSection(SolutionProperties) = preSolution
		HideSolutionNode = FALSE
	EndGlobalSection
EndGlobal
